// !$*UTF8*$!
{
	archiveVersion = 1;
	classes = {
	};
	objectVersion = 50;
	objects = {

/* Begin PBXBuildFile section */
		725898BB261DAD13008BEE9E /* AppDelegate.swift in Sources */ = {isa = PBXBuildFile; fileRef = 725898BA261DAD13008BEE9E /* AppDelegate.swift */; };
		725898BD261DAD13008BEE9E /* SceneDelegate.swift in Sources */ = {isa = PBXBuildFile; fileRef = 725898BC261DAD13008BEE9E /* SceneDelegate.swift */; };
		725898BF261DAD13008BEE9E /* ViewController.swift in Sources */ = {isa = PBXBuildFile; fileRef = 725898BE261DAD13008BEE9E /* ViewController.swift */; };
		725898C2261DAD13008BEE9E /* Main.storyboard in Resources */ = {isa = PBXBuildFile; fileRef = 725898C0261DAD13008BEE9E /* Main.storyboard */; };
		725898C4261DAD14008BEE9E /* Assets.xcassets in Resources */ = {isa = PBXBuildFile; fileRef = 725898C3261DAD14008BEE9E /* Assets.xcassets */; };
		725898C7261DAD14008BEE9E /* LaunchScreen.storyboard in Resources */ = {isa = PBXBuildFile; fileRef = 725898C5261DAD14008BEE9E /* LaunchScreen.storyboard */; };
		725898D2261DAD15008BEE9E /* TestingFastlaneVer5Tests.swift in Sources */ = {isa = PBXBuildFile; fileRef = 725898D1261DAD15008BEE9E /* TestingFastlaneVer5Tests.swift */; };
		725898DD261DAD15008BEE9E /* TestingFastlaneVer5UITests.swift in Sources */ = {isa = PBXBuildFile; fileRef = 725898DC261DAD15008BEE9E /* TestingFastlaneVer5UITests.swift */; };
/* End PBXBuildFile section */

/* Begin PBXContainerItemProxy section */
		725898CE261DAD15008BEE9E /* PBXContainerItemProxy */ = {
			isa = PBXContainerItemProxy;
			containerPortal = 725898AF261DAD13008BEE9E /* Project object */;
			proxyType = 1;
			remoteGlobalIDString = 725898B6261DAD13008BEE9E;
			remoteInfo = TestingFastlaneVer5;
		};
		725898D9261DAD15008BEE9E /* PBXContainerItemProxy */ = {
			isa = PBXContainerItemProxy;
			containerPortal = 725898AF261DAD13008BEE9E /* Project object */;
			proxyType = 1;
			remoteGlobalIDString = 725898B6261DAD13008BEE9E;
			remoteInfo = TestingFastlaneVer5;
		};
/* End PBXContainerItemProxy section */

/* Begin PBXFileReference section */
		725898B7261DAD13008BEE9E /* TestingFastlaneVer5.app */ = {isa = PBXFileReference; explicitFileType = wrapper.application; includeInIndex = 0; path = TestingFastlaneVer5.app; sourceTree = BUILT_PRODUCTS_DIR; };
		725898BA261DAD13008BEE9E /* AppDelegate.swift */ = {isa = PBXFileReference; lastKnownFileType = sourcecode.swift; path = AppDelegate.swift; sourceTree = "<group>"; };
		725898BC261DAD13008BEE9E /* SceneDelegate.swift */ = {isa = PBXFileReference; lastKnownFileType = sourcecode.swift; path = SceneDelegate.swift; sourceTree = "<group>"; };
		725898BE261DAD13008BEE9E /* ViewController.swift */ = {isa = PBXFileReference; lastKnownFileType = sourcecode.swift; path = ViewController.swift; sourceTree = "<group>"; };
		725898C1261DAD13008BEE9E /* Base */ = {isa = PBXFileReference; lastKnownFileType = file.storyboard; name = Base; path = Base.lproj/Main.storyboard; sourceTree = "<group>"; };
		725898C3261DAD14008BEE9E /* Assets.xcassets */ = {isa = PBXFileReference; lastKnownFileType = folder.assetcatalog; path = Assets.xcassets; sourceTree = "<group>"; };
		725898C6261DAD14008BEE9E /* Base */ = {isa = PBXFileReference; lastKnownFileType = file.storyboard; name = Base; path = Base.lproj/LaunchScreen.storyboard; sourceTree = "<group>"; };
		725898C8261DAD14008BEE9E /* Info.plist */ = {isa = PBXFileReference; lastKnownFileType = text.plist.xml; path = Info.plist; sourceTree = "<group>"; };
		725898CD261DAD15008BEE9E /* TestingFastlaneVer5Tests.xctest */ = {isa = PBXFileReference; explicitFileType = wrapper.cfbundle; includeInIndex = 0; path = TestingFastlaneVer5Tests.xctest; sourceTree = BUILT_PRODUCTS_DIR; };
		725898D1261DAD15008BEE9E /* TestingFastlaneVer5Tests.swift */ = {isa = PBXFileReference; lastKnownFileType = sourcecode.swift; path = TestingFastlaneVer5Tests.swift; sourceTree = "<group>"; };
		725898D3261DAD15008BEE9E /* Info.plist */ = {isa = PBXFileReference; lastKnownFileType = text.plist.xml; path = Info.plist; sourceTree = "<group>"; };
		725898D8261DAD15008BEE9E /* TestingFastlaneVer5UITests.xctest */ = {isa = PBXFileReference; explicitFileType = wrapper.cfbundle; includeInIndex = 0; path = TestingFastlaneVer5UITests.xctest; sourceTree = BUILT_PRODUCTS_DIR; };
		725898DC261DAD15008BEE9E /* TestingFastlaneVer5UITests.swift */ = {isa = PBXFileReference; lastKnownFileType = sourcecode.swift; path = TestingFastlaneVer5UITests.swift; sourceTree = "<group>"; };
		725898DE261DAD15008BEE9E /* Info.plist */ = {isa = PBXFileReference; lastKnownFileType = text.plist.xml; path = Info.plist; sourceTree = "<group>"; };
/* End PBXFileReference section */

/* Begin PBXFrameworksBuildPhase section */
		725898B4261DAD13008BEE9E /* Frameworks */ = {
			isa = PBXFrameworksBuildPhase;
			buildActionMask = 2147483647;
			files = (
			);
			runOnlyForDeploymentPostprocessing = 0;
		};
		725898CA261DAD15008BEE9E /* Frameworks */ = {
			isa = PBXFrameworksBuildPhase;
			buildActionMask = 2147483647;
			files = (
			);
			runOnlyForDeploymentPostprocessing = 0;
		};
		725898D5261DAD15008BEE9E /* Frameworks */ = {
			isa = PBXFrameworksBuildPhase;
			buildActionMask = 2147483647;
			files = (
			);
			runOnlyForDeploymentPostprocessing = 0;
		};
/* End PBXFrameworksBuildPhase section */

/* Begin PBXGroup section */
		725898AE261DAD13008BEE9E = {
			isa = PBXGroup;
			children = (
				725898B9261DAD13008BEE9E /* TestingFastlaneVer5 */,
				725898D0261DAD15008BEE9E /* TestingFastlaneVer5Tests */,
				725898DB261DAD15008BEE9E /* TestingFastlaneVer5UITests */,
				725898B8261DAD13008BEE9E /* Products */,
			);
			sourceTree = "<group>";
		};
		725898B8261DAD13008BEE9E /* Products */ = {
			isa = PBXGroup;
			children = (
				725898B7261DAD13008BEE9E /* TestingFastlaneVer5.app */,
				725898CD261DAD15008BEE9E /* TestingFastlaneVer5Tests.xctest */,
				725898D8261DAD15008BEE9E /* TestingFastlaneVer5UITests.xctest */,
			);
			name = Products;
			sourceTree = "<group>";
		};
		725898B9261DAD13008BEE9E /* TestingFastlaneVer5 */ = {
			isa = PBXGroup;
			children = (
				725898BA261DAD13008BEE9E /* AppDelegate.swift */,
				725898BC261DAD13008BEE9E /* SceneDelegate.swift */,
				725898BE261DAD13008BEE9E /* ViewController.swift */,
				725898C0261DAD13008BEE9E /* Main.storyboard */,
				725898C3261DAD14008BEE9E /* Assets.xcassets */,
				725898C5261DAD14008BEE9E /* LaunchScreen.storyboard */,
				725898C8261DAD14008BEE9E /* Info.plist */,
			);
			path = TestingFastlaneVer5;
			sourceTree = "<group>";
		};
		725898D0261DAD15008BEE9E /* TestingFastlaneVer5Tests */ = {
			isa = PBXGroup;
			children = (
				725898D1261DAD15008BEE9E /* TestingFastlaneVer5Tests.swift */,
				725898D3261DAD15008BEE9E /* Info.plist */,
			);
			path = TestingFastlaneVer5Tests;
			sourceTree = "<group>";
		};
		725898DB261DAD15008BEE9E /* TestingFastlaneVer5UITests */ = {
			isa = PBXGroup;
			children = (
				725898DC261DAD15008BEE9E /* TestingFastlaneVer5UITests.swift */,
				725898DE261DAD15008BEE9E /* Info.plist */,
			);
			path = TestingFastlaneVer5UITests;
			sourceTree = "<group>";
		};
/* End PBXGroup section */

/* Begin PBXNativeTarget section */
		725898B6261DAD13008BEE9E /* TestingFastlaneVer5 */ = {
			isa = PBXNativeTarget;
			buildConfigurationList = 725898E1261DAD15008BEE9E /* Build configuration list for PBXNativeTarget "TestingFastlaneVer5" */;
			buildPhases = (
				725898B3261DAD13008BEE9E /* Sources */,
				725898B4261DAD13008BEE9E /* Frameworks */,
				725898B5261DAD13008BEE9E /* Resources */,
			);
			buildRules = (
			);
			dependencies = (
			);
			name = TestingFastlaneVer5;
			productName = TestingFastlaneVer5;
			productReference = 725898B7261DAD13008BEE9E /* TestingFastlaneVer5.app */;
			productType = "com.apple.product-type.application";
		};
		725898CC261DAD15008BEE9E /* TestingFastlaneVer5Tests */ = {
			isa = PBXNativeTarget;
			buildConfigurationList = 725898E4261DAD15008BEE9E /* Build configuration list for PBXNativeTarget "TestingFastlaneVer5Tests" */;
			buildPhases = (
				725898C9261DAD15008BEE9E /* Sources */,
				725898CA261DAD15008BEE9E /* Frameworks */,
				725898CB261DAD15008BEE9E /* Resources */,
			);
			buildRules = (
			);
			dependencies = (
				725898CF261DAD15008BEE9E /* PBXTargetDependency */,
			);
			name = TestingFastlaneVer5Tests;
			productName = TestingFastlaneVer5Tests;
			productReference = 725898CD261DAD15008BEE9E /* TestingFastlaneVer5Tests.xctest */;
			productType = "com.apple.product-type.bundle.unit-test";
		};
		725898D7261DAD15008BEE9E /* TestingFastlaneVer5UITests */ = {
			isa = PBXNativeTarget;
			buildConfigurationList = 725898E7261DAD15008BEE9E /* Build configuration list for PBXNativeTarget "TestingFastlaneVer5UITests" */;
			buildPhases = (
				725898D4261DAD15008BEE9E /* Sources */,
				725898D5261DAD15008BEE9E /* Frameworks */,
				725898D6261DAD15008BEE9E /* Resources */,
			);
			buildRules = (
			);
			dependencies = (
				725898DA261DAD15008BEE9E /* PBXTargetDependency */,
			);
			name = TestingFastlaneVer5UITests;
			productName = TestingFastlaneVer5UITests;
			productReference = 725898D8261DAD15008BEE9E /* TestingFastlaneVer5UITests.xctest */;
			productType = "com.apple.product-type.bundle.ui-testing";
		};
/* End PBXNativeTarget section */

/* Begin PBXProject section */
		725898AF261DAD13008BEE9E /* Project object */ = {
			isa = PBXProject;
			attributes = {
				LastSwiftUpdateCheck = 1240;
				LastUpgradeCheck = 1240;
				TargetAttributes = {
					725898B6261DAD13008BEE9E = {
						CreatedOnToolsVersion = 12.4;
					};
					725898CC261DAD15008BEE9E = {
						CreatedOnToolsVersion = 12.4;
						TestTargetID = 725898B6261DAD13008BEE9E;
					};
					725898D7261DAD15008BEE9E = {
						CreatedOnToolsVersion = 12.4;
						TestTargetID = 725898B6261DAD13008BEE9E;
					};
				};
			};
			buildConfigurationList = 725898B2261DAD13008BEE9E /* Build configuration list for PBXProject "TestingFastlaneVer5" */;
			compatibilityVersion = "Xcode 9.3";
			developmentRegion = en;
			hasScannedForEncodings = 0;
			knownRegions = (
				en,
				Base,
			);
			mainGroup = 725898AE261DAD13008BEE9E;
			productRefGroup = 725898B8261DAD13008BEE9E /* Products */;
			projectDirPath = "";
			projectRoot = "";
			targets = (
				725898B6261DAD13008BEE9E /* TestingFastlaneVer5 */,
				725898CC261DAD15008BEE9E /* TestingFastlaneVer5Tests */,
				725898D7261DAD15008BEE9E /* TestingFastlaneVer5UITests */,
			);
		};
/* End PBXProject section */

/* Begin PBXResourcesBuildPhase section */
		725898B5261DAD13008BEE9E /* Resources */ = {
			isa = PBXResourcesBuildPhase;
			buildActionMask = 2147483647;
			files = (
				725898C7261DAD14008BEE9E /* LaunchScreen.storyboard in Resources */,
				725898C4261DAD14008BEE9E /* Assets.xcassets in Resources */,
				725898C2261DAD13008BEE9E /* Main.storyboard in Resources */,
			);
			runOnlyForDeploymentPostprocessing = 0;
		};
		725898CB261DAD15008BEE9E /* Resources */ = {
			isa = PBXResourcesBuildPhase;
			buildActionMask = 2147483647;
			files = (
			);
			runOnlyForDeploymentPostprocessing = 0;
		};
		725898D6261DAD15008BEE9E /* Resources */ = {
			isa = PBXResourcesBuildPhase;
			buildActionMask = 2147483647;
			files = (
			);
			runOnlyForDeploymentPostprocessing = 0;
		};
/* End PBXResourcesBuildPhase section */

/* Begin PBXSourcesBuildPhase section */
		725898B3261DAD13008BEE9E /* Sources */ = {
			isa = PBXSourcesBuildPhase;
			buildActionMask = 2147483647;
			files = (
				725898BF261DAD13008BEE9E /* ViewController.swift in Sources */,
				725898BB261DAD13008BEE9E /* AppDelegate.swift in Sources */,
				725898BD261DAD13008BEE9E /* SceneDelegate.swift in Sources */,
			);
			runOnlyForDeploymentPostprocessing = 0;
		};
		725898C9261DAD15008BEE9E /* Sources */ = {
			isa = PBXSourcesBuildPhase;
			buildActionMask = 2147483647;
			files = (
				725898D2261DAD15008BEE9E /* TestingFastlaneVer5Tests.swift in Sources */,
			);
			runOnlyForDeploymentPostprocessing = 0;
		};
		725898D4261DAD15008BEE9E /* Sources */ = {
			isa = PBXSourcesBuildPhase;
			buildActionMask = 2147483647;
			files = (
				725898DD261DAD15008BEE9E /* TestingFastlaneVer5UITests.swift in Sources */,
			);
			runOnlyForDeploymentPostprocessing = 0;
		};
/* End PBXSourcesBuildPhase section */

/* Begin PBXTargetDependency section */
		725898CF261DAD15008BEE9E /* PBXTargetDependency */ = {
			isa = PBXTargetDependency;
			target = 725898B6261DAD13008BEE9E /* TestingFastlaneVer5 */;
			targetProxy = 725898CE261DAD15008BEE9E /* PBXContainerItemProxy */;
		};
		725898DA261DAD15008BEE9E /* PBXTargetDependency */ = {
			isa = PBXTargetDependency;
			target = 725898B6261DAD13008BEE9E /* TestingFastlaneVer5 */;
			targetProxy = 725898D9261DAD15008BEE9E /* PBXContainerItemProxy */;
		};
/* End PBXTargetDependency section */

/* Begin PBXVariantGroup section */
		725898C0261DAD13008BEE9E /* Main.storyboard */ = {
			isa = PBXVariantGroup;
			children = (
				725898C1261DAD13008BEE9E /* Base */,
			);
			name = Main.storyboard;
			sourceTree = "<group>";
		};
		725898C5261DAD14008BEE9E /* LaunchScreen.storyboard */ = {
			isa = PBXVariantGroup;
			children = (
				725898C6261DAD14008BEE9E /* Base */,
			);
			name = LaunchScreen.storyboard;
			sourceTree = "<group>";
		};
/* End PBXVariantGroup section */

/* Begin XCBuildConfiguration section */
		725898DF261DAD15008BEE9E /* Debug */ = {
			isa = XCBuildConfiguration;
			buildSettings = {
				ALWAYS_SEARCH_USER_PATHS = NO;
				CLANG_ANALYZER_NONNULL = YES;
				CLANG_ANALYZER_NUMBER_OBJECT_CONVERSION = YES_AGGRESSIVE;
				CLANG_CXX_LANGUAGE_STANDARD = "gnu++14";
				CLANG_CXX_LIBRARY = "libc++";
				CLANG_ENABLE_MODULES = YES;
				CLANG_ENABLE_OBJC_ARC = YES;
				CLANG_ENABLE_OBJC_WEAK = YES;
				CLANG_WARN_BLOCK_CAPTURE_AUTORELEASING = YES;
				CLANG_WARN_BOOL_CONVERSION = YES;
				CLANG_WARN_COMMA = YES;
				CLANG_WARN_CONSTANT_CONVERSION = YES;
				CLANG_WARN_DEPRECATED_OBJC_IMPLEMENTATIONS = YES;
				CLANG_WARN_DIRECT_OBJC_ISA_USAGE = YES_ERROR;
				CLANG_WARN_DOCUMENTATION_COMMENTS = YES;
				CLANG_WARN_EMPTY_BODY = YES;
				CLANG_WARN_ENUM_CONVERSION = YES;
				CLANG_WARN_INFINITE_RECURSION = YES;
				CLANG_WARN_INT_CONVERSION = YES;
				CLANG_WARN_NON_LITERAL_NULL_CONVERSION = YES;
				CLANG_WARN_OBJC_IMPLICIT_RETAIN_SELF = YES;
				CLANG_WARN_OBJC_LITERAL_CONVERSION = YES;
				CLANG_WARN_OBJC_ROOT_CLASS = YES_ERROR;
				CLANG_WARN_QUOTED_INCLUDE_IN_FRAMEWORK_HEADER = YES;
				CLANG_WARN_RANGE_LOOP_ANALYSIS = YES;
				CLANG_WARN_STRICT_PROTOTYPES = YES;
				CLANG_WARN_SUSPICIOUS_MOVE = YES;
				CLANG_WARN_UNGUARDED_AVAILABILITY = YES_AGGRESSIVE;
				CLANG_WARN_UNREACHABLE_CODE = YES;
				CLANG_WARN__DUPLICATE_METHOD_MATCH = YES;
				COPY_PHASE_STRIP = NO;
				DEBUG_INFORMATION_FORMAT = dwarf;
				ENABLE_STRICT_OBJC_MSGSEND = YES;
				ENABLE_TESTABILITY = YES;
				GCC_C_LANGUAGE_STANDARD = gnu11;
				GCC_DYNAMIC_NO_PIC = NO;
				GCC_NO_COMMON_BLOCKS = YES;
				GCC_OPTIMIZATION_LEVEL = 0;
				GCC_PREPROCESSOR_DEFINITIONS = (
					"DEBUG=1",
					"$(inherited)",
				);
				GCC_WARN_64_TO_32_BIT_CONVERSION = YES;
				GCC_WARN_ABOUT_RETURN_TYPE = YES_ERROR;
				GCC_WARN_UNDECLARED_SELECTOR = YES;
				GCC_WARN_UNINITIALIZED_AUTOS = YES_AGGRESSIVE;
				GCC_WARN_UNUSED_FUNCTION = YES;
				GCC_WARN_UNUSED_VARIABLE = YES;
				IPHONEOS_DEPLOYMENT_TARGET = 14.4;
				MTL_ENABLE_DEBUG_INFO = INCLUDE_SOURCE;
				MTL_FAST_MATH = YES;
				ONLY_ACTIVE_ARCH = YES;
				SDKROOT = iphoneos;
				SWIFT_ACTIVE_COMPILATION_CONDITIONS = DEBUG;
				SWIFT_OPTIMIZATION_LEVEL = "-Onone";
			};
			name = Debug;
		};
		725898E0261DAD15008BEE9E /* Release */ = {
			isa = XCBuildConfiguration;
			buildSettings = {
				ALWAYS_SEARCH_USER_PATHS = NO;
				CLANG_ANALYZER_NONNULL = YES;
				CLANG_ANALYZER_NUMBER_OBJECT_CONVERSION = YES_AGGRESSIVE;
				CLANG_CXX_LANGUAGE_STANDARD = "gnu++14";
				CLANG_CXX_LIBRARY = "libc++";
				CLANG_ENABLE_MODULES = YES;
				CLANG_ENABLE_OBJC_ARC = YES;
				CLANG_ENABLE_OBJC_WEAK = YES;
				CLANG_WARN_BLOCK_CAPTURE_AUTORELEASING = YES;
				CLANG_WARN_BOOL_CONVERSION = YES;
				CLANG_WARN_COMMA = YES;
				CLANG_WARN_CONSTANT_CONVERSION = YES;
				CLANG_WARN_DEPRECATED_OBJC_IMPLEMENTATIONS = YES;
				CLANG_WARN_DIRECT_OBJC_ISA_USAGE = YES_ERROR;
				CLANG_WARN_DOCUMENTATION_COMMENTS = YES;
				CLANG_WARN_EMPTY_BODY = YES;
				CLANG_WARN_ENUM_CONVERSION = YES;
				CLANG_WARN_INFINITE_RECURSION = YES;
				CLANG_WARN_INT_CONVERSION = YES;
				CLANG_WARN_NON_LITERAL_NULL_CONVERSION = YES;
				CLANG_WARN_OBJC_IMPLICIT_RETAIN_SELF = YES;
				CLANG_WARN_OBJC_LITERAL_CONVERSION = YES;
				CLANG_WARN_OBJC_ROOT_CLASS = YES_ERROR;
				CLANG_WARN_QUOTED_INCLUDE_IN_FRAMEWORK_HEADER = YES;
				CLANG_WARN_RANGE_LOOP_ANALYSIS = YES;
				CLANG_WARN_STRICT_PROTOTYPES = YES;
				CLANG_WARN_SUSPICIOUS_MOVE = YES;
				CLANG_WARN_UNGUARDED_AVAILABILITY = YES_AGGRESSIVE;
				CLANG_WARN_UNREACHABLE_CODE = YES;
				CLANG_WARN__DUPLICATE_METHOD_MATCH = YES;
				COPY_PHASE_STRIP = NO;
				DEBUG_INFORMATION_FORMAT = "dwarf-with-dsym";
				ENABLE_NS_ASSERTIONS = NO;
				ENABLE_STRICT_OBJC_MSGSEND = YES;
				GCC_C_LANGUAGE_STANDARD = gnu11;
				GCC_NO_COMMON_BLOCKS = YES;
				GCC_WARN_64_TO_32_BIT_CONVERSION = YES;
				GCC_WARN_ABOUT_RETURN_TYPE = YES_ERROR;
				GCC_WARN_UNDECLARED_SELECTOR = YES;
				GCC_WARN_UNINITIALIZED_AUTOS = YES_AGGRESSIVE;
				GCC_WARN_UNUSED_FUNCTION = YES;
				GCC_WARN_UNUSED_VARIABLE = YES;
				IPHONEOS_DEPLOYMENT_TARGET = 14.4;
				MTL_ENABLE_DEBUG_INFO = NO;
				MTL_FAST_MATH = YES;
				SDKROOT = iphoneos;
				SWIFT_COMPILATION_MODE = wholemodule;
				SWIFT_OPTIMIZATION_LEVEL = "-O";
				VALIDATE_PRODUCT = YES;
			};
			name = Release;
		};
		725898E2261DAD15008BEE9E /* Debug */ = {
			isa = XCBuildConfiguration;
			buildSettings = {
				ASSETCATALOG_COMPILER_APPICON_NAME = AppIcon;
				ASSETCATALOG_COMPILER_GLOBAL_ACCENT_COLOR_NAME = AccentColor;
				CODE_SIGN_STYLE = Automatic;
				DEVELOPMENT_TEAM = SKP2278HX7;
				INFOPLIST_FILE = TestingFastlaneVer5/Info.plist;
				LD_RUNPATH_SEARCH_PATHS = (
					"$(inherited)",
					"@executable_path/Frameworks",
				);
				PRODUCT_BUNDLE_IDENTIFIER = com.gumi.TestingFastlaneVer5;
				PRODUCT_NAME = "$(TARGET_NAME)";
				SWIFT_VERSION = 5.0;
				TARGETED_DEVICE_FAMILY = "1,2";
			};
			name = Debug;
		};
		725898E3261DAD15008BEE9E /* Release */ = {
			isa = XCBuildConfiguration;
			buildSettings = {
				ASSETCATALOG_COMPILER_APPICON_NAME = AppIcon;
				ASSETCATALOG_COMPILER_GLOBAL_ACCENT_COLOR_NAME = AccentColor;
				CODE_SIGN_STYLE = Automatic;
				DEVELOPMENT_TEAM = SKP2278HX7;
				INFOPLIST_FILE = TestingFastlaneVer5/Info.plist;
				LD_RUNPATH_SEARCH_PATHS = (
					"$(inherited)",
					"@executable_path/Frameworks",
				);
				PRODUCT_BUNDLE_IDENTIFIER = com.gumi.TestingFastlaneVer5;
				PRODUCT_NAME = "$(TARGET_NAME)";
				SWIFT_VERSION = 5.0;
				TARGETED_DEVICE_FAMILY = "1,2";
			};
			name = Release;
		};
		725898E5261DAD15008BEE9E /* Debug */ = {
			isa = XCBuildConfiguration;
			buildSettings = {
				ALWAYS_EMBED_SWIFT_STANDARD_LIBRARIES = YES;
				BUNDLE_LOADER = "$(TEST_HOST)";
				CODE_SIGN_STYLE = Automatic;
				DEVELOPMENT_TEAM = XDZFDRJ434;
				INFOPLIST_FILE = TestingFastlaneVer5Tests/Info.plist;
				IPHONEOS_DEPLOYMENT_TARGET = 14.4;
				LD_RUNPATH_SEARCH_PATHS = (
					"$(inherited)",
					"@executable_path/Frameworks",
					"@loader_path/Frameworks",
				);
				PRODUCT_BUNDLE_IDENTIFIER = com.gumi.TestingFastlaneVer5Tests;
				PRODUCT_NAME = "$(TARGET_NAME)";
				SWIFT_VERSION = 5.0;
				TARGETED_DEVICE_FAMILY = "1,2";
				TEST_HOST = "$(BUILT_PRODUCTS_DIR)/TestingFastlaneVer5.app/TestingFastlaneVer5";
			};
			name = Debug;
		};
		725898E6261DAD15008BEE9E /* Release */ = {
			isa = XCBuildConfiguration;
			buildSettings = {
				ALWAYS_EMBED_SWIFT_STANDARD_LIBRARIES = YES;
				BUNDLE_LOADER = "$(TEST_HOST)";
				CODE_SIGN_STYLE = Automatic;
				DEVELOPMENT_TEAM = XDZFDRJ434;
				INFOPLIST_FILE = TestingFastlaneVer5Tests/Info.plist;
				IPHONEOS_DEPLOYMENT_TARGET = 14.4;
				LD_RUNPATH_SEARCH_PATHS = (
					"$(inherited)",
					"@executable_path/Frameworks",
					"@loader_path/Frameworks",
				);
				PRODUCT_BUNDLE_IDENTIFIER = com.gumi.TestingFastlaneVer5Tests;
				PRODUCT_NAME = "$(TARGET_NAME)";
				SWIFT_VERSION = 5.0;
				TARGETED_DEVICE_FAMILY = "1,2";
				TEST_HOST = "$(BUILT_PRODUCTS_DIR)/TestingFastlaneVer5.app/TestingFastlaneVer5";
			};
			name = Release;
		};
		725898E8261DAD15008BEE9E /* Debug */ = {
			isa = XCBuildConfiguration;
			buildSettings = {
				ALWAYS_EMBED_SWIFT_STANDARD_LIBRARIES = YES;
				CODE_SIGN_STYLE = Automatic;
				DEVELOPMENT_TEAM = XDZFDRJ434;
				INFOPLIST_FILE = TestingFastlaneVer5UITests/Info.plist;
				LD_RUNPATH_SEARCH_PATHS = (
					"$(inherited)",
					"@executable_path/Frameworks",
					"@loader_path/Frameworks",
				);
				PRODUCT_BUNDLE_IDENTIFIER = com.gumi.TestingFastlaneVer5UITests;
				PRODUCT_NAME = "$(TARGET_NAME)";
				SWIFT_VERSION = 5.0;
				TARGETED_DEVICE_FAMILY = "1,2";
				TEST_TARGET_NAME = TestingFastlaneVer5;
			};
			name = Debug;
		};
		725898E9261DAD15008BEE9E /* Release */ = {
			isa = XCBuildConfiguration;
			buildSettings = {
				ALWAYS_EMBED_SWIFT_STANDARD_LIBRARIES = YES;
				CODE_SIGN_STYLE = Automatic;
				DEVELOPMENT_TEAM = XDZFDRJ434;
				INFOPLIST_FILE = TestingFastlaneVer5UITests/Info.plist;
				LD_RUNPATH_SEARCH_PATHS = (
					"$(inherited)",
					"@executable_path/Frameworks",
					"@loader_path/Frameworks",
				);
				PRODUCT_BUNDLE_IDENTIFIER = com.gumi.TestingFastlaneVer5UITests;
				PRODUCT_NAME = "$(TARGET_NAME)";
				SWIFT_VERSION = 5.0;
				TARGETED_DEVICE_FAMILY = "1,2";
				TEST_TARGET_NAME = TestingFastlaneVer5;
			};
			name = Release;
		};
/* End XCBuildConfiguration section */

/* Begin XCConfigurationList section */
		725898B2261DAD13008BEE9E /* Build configuration list for PBXProject "TestingFastlaneVer5" */ = {
			isa = XCConfigurationList;
			buildConfigurations = (
				725898DF261DAD15008BEE9E /* Debug */,
				725898E0261DAD15008BEE9E /* Release */,
			);
			defaultConfigurationIsVisible = 0;
			defaultConfigurationName = Release;
		};
		725898E1261DAD15008BEE9E /* Build configuration list for PBXNativeTarget "TestingFastlaneVer5" */ = {
			isa = XCConfigurationList;
			buildConfigurations = (
				725898E2261DAD15008BEE9E /* Debug */,
				725898E3261DAD15008BEE9E /* Release */,
			);
			defaultConfigurationIsVisible = 0;
			defaultConfigurationName = Release;
		};
		725898E4261DAD15008BEE9E /* Build configuration list for PBXNativeTarget "TestingFastlaneVer5Tests" */ = {
			isa = XCConfigurationList;
			buildConfigurations = (
				725898E5261DAD15008BEE9E /* Debug */,
				725898E6261DAD15008BEE9E /* Release */,
			);
			defaultConfigurationIsVisible = 0;
			defaultConfigurationName = Release;
		};
		725898E7261DAD15008BEE9E /* Build configuration list for PBXNativeTarget "TestingFastlaneVer5UITests" */ = {
			isa = XCConfigurationList;
			buildConfigurations = (
				725898E8261DAD15008BEE9E /* Debug */,
				725898E9261DAD15008BEE9E /* Release */,
			);
			defaultConfigurationIsVisible = 0;
			defaultConfigurationName = Release;
		};
/* End XCConfigurationList section */
	};
	rootObject = 725898AF261DAD13008BEE9E /* Project object */;
}
